// !$*UTF8*$!
{
	archiveVersion = 1;
	classes = {
	};
	objectVersion = 46;
	objects = {

/* Begin PBXBuildFile section */
		8230C7681C866BBE0014AEED /* main.c in Sources */ = {isa = PBXBuildFile; fileRef = 8230C7671C866BBE0014AEED /* main.c */; };
		8230C7731C866CB30014AEED /* main.c in Sources */ = {isa = PBXBuildFile; fileRef = 8230C7721C866CB30014AEED /* main.c */; };
		8230C7771C866D0A0014AEED /* libunp.a in Frameworks */ = {isa = PBXBuildFile; fileRef = 8230C75E1C866B570014AEED /* libunp.a */; };
		8230C7781C866D0A0014AEED /* libunp.a in Frameworks */ = {isa = PBXBuildFile; fileRef = 8230C75E1C866B570014AEED /* libunp.a */; };
/* End PBXBuildFile section */

/* Begin PBXCopyFilesBuildPhase section */
		8230C7631C866BBE0014AEED /* CopyFiles */ = {
			isa = PBXCopyFilesBuildPhase;
			buildActionMask = 2147483647;
			dstPath = /usr/share/man/man1/;
			dstSubfolderSpec = 0;
			files = (
			);
			runOnlyForDeploymentPostprocessing = 1;
		};
		8230C76E1C866CB30014AEED /* CopyFiles */ = {
			isa = PBXCopyFilesBuildPhase;
			buildActionMask = 2147483647;
			dstPath = /usr/share/man/man1/;
			dstSubfolderSpec = 0;
			files = (
			);
			runOnlyForDeploymentPostprocessing = 1;
		};
/* End PBXCopyFilesBuildPhase section */

/* Begin PBXFileReference section */
		8230C75D1C866B570014AEED /* config.h */ = {isa = PBXFileReference; fileEncoding = 4; lastKnownFileType = sourcecode.c.h; path = config.h; sourceTree = "<group>"; };
		8230C75E1C866B570014AEED /* libunp.a */ = {isa = PBXFileReference; lastKnownFileType = archive.ar; path = libunp.a; sourceTree = "<group>"; };
		8230C75F1C866B570014AEED /* unp.h */ = {isa = PBXFileReference; fileEncoding = 4; lastKnownFileType = sourcecode.c.h; path = unp.h; sourceTree = "<group>"; };
		8230C7651C866BBE0014AEED /* daytimetcpsrv */ = {isa = PBXFileReference; explicitFileType = "compiled.mach-o.executable"; includeInIndex = 0; path = daytimetcpsrv; sourceTree = BUILT_PRODUCTS_DIR; };
		8230C7671C866BBE0014AEED /* main.c */ = {isa = PBXFileReference; lastKnownFileType = sourcecode.c.c; path = main.c; sourceTree = "<group>"; };
		8230C7701C866CB30014AEED /* daytimetcpcli */ = {isa = PBXFileReference; explicitFileType = "compiled.mach-o.executable"; includeInIndex = 0; path = daytimetcpcli; sourceTree = BUILT_PRODUCTS_DIR; };
		8230C7721C866CB30014AEED /* main.c */ = {isa = PBXFileReference; lastKnownFileType = sourcecode.c.c; path = main.c; sourceTree = "<group>"; };
/* End PBXFileReference section */

/* Begin PBXFrameworksBuildPhase section */
		8230C7621C866BBE0014AEED /* Frameworks */ = {
			isa = PBXFrameworksBuildPhase;
			buildActionMask = 2147483647;
			files = (
				8230C7771C866D0A0014AEED /* libunp.a in Frameworks */,
			);
			runOnlyForDeploymentPostprocessing = 0;
		};
		8230C76D1C866CB30014AEED /* Frameworks */ = {
			isa = PBXFrameworksBuildPhase;
			buildActionMask = 2147483647;
			files = (
				8230C7781C866D0A0014AEED /* libunp.a in Frameworks */,
			);
			runOnlyForDeploymentPostprocessing = 0;
		};
/* End PBXFrameworksBuildPhase section */

/* Begin PBXGroup section */
		8230C7491C866ABB0014AEED = {
			isa = PBXGroup;
			children = (
				8230C7541C866ABC0014AEED /* UNPtest */,
				8230C7661C866BBE0014AEED /* daytimetcpsrv */,
				8230C7711C866CB30014AEED /* daytimetcpcli */,
				8230C7531C866ABC0014AEED /* Products */,
			);
			sourceTree = "<group>";
		};
		8230C7531C866ABC0014AEED /* Products */ = {
			isa = PBXGroup;
			children = (
				8230C7651C866BBE0014AEED /* daytimetcpsrv */,
				8230C7701C866CB30014AEED /* daytimetcpcli */,
			);
			name = Products;
			sourceTree = "<group>";
		};
		8230C7541C866ABC0014AEED /* UNPtest */ = {
			isa = PBXGroup;
			children = (
				8230C75C1C866B570014AEED /* unp */,
			);
			path = UNPtest;
			sourceTree = "<group>";
		};
		8230C75C1C866B570014AEED /* unp */ = {
			isa = PBXGroup;
			children = (
				8230C75D1C866B570014AEED /* config.h */,
				8230C75E1C866B570014AEED /* libunp.a */,
				8230C75F1C866B570014AEED /* unp.h */,
			);
			path = unp;
			sourceTree = "<group>";
		};
		8230C7661C866BBE0014AEED /* daytimetcpsrv */ = {
			isa = PBXGroup;
			children = (
				8230C7671C866BBE0014AEED /* main.c */,
			);
			path = daytimetcpsrv;
			sourceTree = "<group>";
		};
		8230C7711C866CB30014AEED /* daytimetcpcli */ = {
			isa = PBXGroup;
			children = (
				8230C7721C866CB30014AEED /* main.c */,
			);
			path = daytimetcpcli;
			sourceTree = "<group>";
		};
/* End PBXGroup section */

/* Begin PBXNativeTarget section */
		8230C7641C866BBE0014AEED /* daytimetcpsrv */ = {
			isa = PBXNativeTarget;
			buildConfigurationList = 8230C7691C866BBE0014AEED /* Build configuration list for PBXNativeTarget "daytimetcpsrv" */;
			buildPhases = (
				8230C7611C866BBE0014AEED /* Sources */,
				8230C7621C866BBE0014AEED /* Frameworks */,
				8230C7631C866BBE0014AEED /* CopyFiles */,
			);
			buildRules = (
			);
			dependencies = (
			);
			name = daytimetcpsrv;
			productName = daytimetcpsrv;
			productReference = 8230C7651C866BBE0014AEED /* daytimetcpsrv */;
			productType = "com.apple.product-type.tool";
		};
		8230C76F1C866CB30014AEED /* daytimetcpcli */ = {
			isa = PBXNativeTarget;
			buildConfigurationList = 8230C7741C866CB30014AEED /* Build configuration list for PBXNativeTarget "daytimetcpcli" */;
			buildPhases = (
				8230C76C1C866CB30014AEED /* Sources */,
				8230C76D1C866CB30014AEED /* Frameworks */,
				8230C76E1C866CB30014AEED /* CopyFiles */,
			);
			buildRules = (
			);
			dependencies = (
			);
			name = daytimetcpcli;
			productName = daytimetcpcli;
			productReference = 8230C7701C866CB30014AEED /* daytimetcpcli */;
			productType = "com.apple.product-type.tool";
		};
/* End PBXNativeTarget section */

/* Begin PBXProject section */
		8230C74A1C866ABB0014AEED /* Project object */ = {
			isa = PBXProject;
			attributes = {
				LastUpgradeCheck = 0720;
				ORGANIZATIONNAME = Mingle;
				TargetAttributes = {
					8230C7641C866BBE0014AEED = {
						CreatedOnToolsVersion = 7.2.1;
					};
					8230C76F1C866CB30014AEED = {
						CreatedOnToolsVersion = 7.2.1;
					};
				};
			};
			buildConfigurationList = 8230C74D1C866ABC0014AEED /* Build configuration list for PBXProject "UNPtest" */;
			compatibilityVersion = "Xcode 3.2";
			developmentRegion = English;
			hasScannedForEncodings = 0;
			knownRegions = (
				en,
			);
			mainGroup = 8230C7491C866ABB0014AEED;
			productRefGroup = 8230C7531C866ABC0014AEED /* Products */;
			projectDirPath = "";
			projectRoot = "";
			targets = (
				8230C7641C866BBE0014AEED /* daytimetcpsrv */,
				8230C76F1C866CB30014AEED /* daytimetcpcli */,
			);
		};
/* End PBXProject section */

/* Begin PBXSourcesBuildPhase section */
		8230C7611C866BBE0014AEED /* Sources */ = {
			isa = PBXSourcesBuildPhase;
			buildActionMask = 2147483647;
			files = (
				8230C7681C866BBE0014AEED /* main.c in Sources */,
			);
			runOnlyForDeploymentPostprocessing = 0;
		};
		8230C76C1C866CB30014AEED /* Sources */ = {
			isa = PBXSourcesBuildPhase;
			buildActionMask = 2147483647;
			files = (
				8230C7731C866CB30014AEED /* main.c in Sources */,
			);
			runOnlyForDeploymentPostprocessing = 0;
		};
/* End PBXSourcesBuildPhase section */

/* Begin XCBuildConfiguration section */
		8230C7571C866ABC0014AEED /* Debug */ = {
			isa = XCBuildConfiguration;
			buildSettings = {
				ALWAYS_SEARCH_USER_PATHS = NO;
				CLANG_CXX_LANGUAGE_STANDARD = "gnu++0x";
				CLANG_CXX_LIBRARY = "libc++";
				CLANG_ENABLE_MODULES = YES;
				CLANG_ENABLE_OBJC_ARC = YES;
				CLANG_WARN_BOOL_CONVERSION = YES;
				CLANG_WARN_CONSTANT_CONVERSION = YES;
				CLANG_WARN_DIRECT_OBJC_ISA_USAGE = YES_ERROR;
				CLANG_WARN_EMPTY_BODY = YES;
				CLANG_WARN_ENUM_CONVERSION = YES;
				CLANG_WARN_INT_CONVERSION = YES;
				CLANG_WARN_OBJC_ROOT_CLASS = YES_ERROR;
				CLANG_WARN_UNREACHABLE_CODE = YES;
				CLANG_WARN__DUPLICATE_METHOD_MATCH = YES;
				CODE_SIGN_IDENTITY = "-";
				COPY_PHASE_STRIP = NO;
				DEBUG_INFORMATION_FORMAT = dwarf;
				ENABLE_STRICT_OBJC_MSGSEND = YES;
				ENABLE_TESTABILITY = YES;
				GCC_C_LANGUAGE_STANDARD = gnu99;
				GCC_DYNAMIC_NO_PIC = NO;
				GCC_NO_COMMON_BLOCKS = YES;
				GCC_OPTIMIZATION_LEVEL = 0;
				GCC_PREPROCESSOR_DEFINITIONS = (
					"DEBUG=1",
					"$(inherited)",
				);
				GCC_WARN_64_TO_32_BIT_CONVERSION = YES;
				GCC_WARN_ABOUT_RETURN_TYPE = YES_ERROR;
				GCC_WARN_UNDECLARED_SELECTOR = YES;
				GCC_WARN_UNINITIALIZED_AUTOS = YES_AGGRESSIVE;
				GCC_WARN_UNUSED_FUNCTION = YES;
				GCC_WARN_UNUSED_VARIABLE = YES;
				MACOSX_DEPLOYMENT_TARGET = 10.11;
				MTL_ENABLE_DEBUG_INFO = YES;
				ONLY_ACTIVE_ARCH = YES;
				SDKROOT = macosx;
			};
			name = Debug;
		};
		8230C7581C866ABC0014AEED /* Release */ = {
			isa = XCBuildConfiguration;
			buildSettings = {
				ALWAYS_SEARCH_USER_PATHS = NO;
				CLANG_CXX_LANGUAGE_STANDARD = "gnu++0x";
				CLANG_CXX_LIBRARY = "libc++";
				CLANG_ENABLE_MODULES = YES;
				CLANG_ENABLE_OBJC_ARC = YES;
				CLANG_WARN_BOOL_CONVERSION = YES;
				CLANG_WARN_CONSTANT_CONVERSION = YES;
				CLANG_WARN_DIRECT_OBJC_ISA_USAGE = YES_ERROR;
				CLANG_WARN_EMPTY_BODY = YES;
				CLANG_WARN_ENUM_CONVERSION = YES;
				CLANG_WARN_INT_CONVERSION = YES;
				CLANG_WARN_OBJC_ROOT_CLASS = YES_ERROR;
				CLANG_WARN_UNREACHABLE_CODE = YES;
				CLANG_WARN__DUPLICATE_METHOD_MATCH = YES;
				CODE_SIGN_IDENTITY = "-";
				COPY_PHASE_STRIP = NO;
				DEBUG_INFORMATION_FORMAT = "dwarf-with-dsym";
				ENABLE_NS_ASSERTIONS = NO;
				ENABLE_STRICT_OBJC_MSGSEND = YES;
				GCC_C_LANGUAGE_STANDARD = gnu99;
				GCC_NO_COMMON_BLOCKS = YES;
				GCC_WARN_64_TO_32_BIT_CONVERSION = YES;
				GCC_WARN_ABOUT_RETURN_TYPE = YES_ERROR;
				GCC_WARN_UNDECLARED_SELECTOR = YES;
				GCC_WARN_UNINITIALIZED_AUTOS = YES_AGGRESSIVE;
				GCC_WARN_UNUSED_FUNCTION = YES;
				GCC_WARN_UNUSED_VARIABLE = YES;
				MACOSX_DEPLOYMENT_TARGET = 10.11;
				MTL_ENABLE_DEBUG_INFO = NO;
				SDKROOT = macosx;
			};
			name = Release;
		};
		8230C76A1C866BBE0014AEED /* Debug */ = {
			isa = XCBuildConfiguration;
			buildSettings = {
				LIBRARY_SEARCH_PATHS = (
					"$(inherited)",
					"$(PROJECT_DIR)/UNPtest/unp",
				);
				PRODUCT_NAME = "$(TARGET_NAME)";
			};
			name = Debug;
		};
		8230C76B1C866BBE0014AEED /* Release */ = {
			isa = XCBuildConfiguration;
			buildSettings = {
				LIBRARY_SEARCH_PATHS = (
					"$(inherited)",
					"$(PROJECT_DIR)/UNPtest/unp",
				);
				PRODUCT_NAME = "$(TARGET_NAME)";
			};
			name = Release;
		};
		8230C7751C866CB30014AEED /* Debug */ = {
			isa = XCBuildConfiguration;
			buildSettings = {
				LIBRARY_SEARCH_PATHS = (
					"$(inherited)",
					"$(PROJECT_DIR)/UNPtest/unp",
				);
				PRODUCT_NAME = "$(TARGET_NAME)";
			};
			name = Debug;
		};
		8230C7761C866CB30014AEED /* Release */ = {
			isa = XCBuildConfiguration;
			buildSettings = {
				LIBRARY_SEARCH_PATHS = (
					"$(inherited)",
					"$(PROJECT_DIR)/UNPtest/unp",
				);
				PRODUCT_NAME = "$(TARGET_NAME)";
			};
			name = Release;
		};
/* End XCBuildConfiguration section */

/* Begin XCConfigurationList section */
		8230C74D1C866ABC0014AEED /* Build configuration list for PBXProject "UNPtest" */ = {
			isa = XCConfigurationList;
			buildConfigurations = (
				8230C7571C866ABC0014AEED /* Debug */,
				8230C7581C866ABC0014AEED /* Release */,
			);
			defaultConfigurationIsVisible = 0;
			defaultConfigurationName = Release;
		};
		8230C7691C866BBE0014AEED /* Build configuration list for PBXNativeTarget "daytimetcpsrv" */ = {
			isa = XCConfigurationList;
			buildConfigurations = (
				8230C76A1C866BBE0014AEED /* Debug */,
				8230C76B1C866BBE0014AEED /* Release */,
			);
			defaultConfigurationIsVisible = 0;
		};
		8230C7741C866CB30014AEED /* Build configuration list for PBXNativeTarget "daytimetcpcli" */ = {
			isa = XCConfigurationList;
			buildConfigurations = (
				8230C7751C866CB30014AEED /* Debug */,
				8230C7761C866CB30014AEED /* Release */,
			);
			defaultConfigurationIsVisible = 0;
		};
/* End XCConfigurationList section */
	};
	rootObject = 8230C74A1C866ABB0014AEED /* Project object */;
}
